
Microsoft Visual Studio Solution File, Format Version 12.00
# Visual Studio Version 17
VisualStudioVersion = 17.14.36401.2 d17.14
MinimumVisualStudioVersion = 10.0.40219.1
Project("{FAE04EC0-301F-11D3-BF4B-00C04F79EFBC}") = "dcit318-assignment2-11302021", "dcit318-assignment2-11302021.csproj", "{BCFA73BA-4B9E-4C4A-A083-1DE7720FE356}"
EndProject
Global
	GlobalSection(SolutionConfigurationPlatforms) = preSolution
		Debug|Any CPU = Debug|Any CPU
		Release|Any CPU = Release|Any CPU
	EndGlobalSection
	GlobalSection(ProjectConfigurationPlatforms) = postSolution
		{BCFA73BA-4B9E-4C4A-A083-1DE7720FE356}.Debug|Any CPU.ActiveCfg = Debug|Any CPU
		{BCFA73BA-4B9E-4C4A-A083-1DE7720FE356}.Debug|Any CPU.Build.0 = Debug|Any CPU
		{BCFA73BA-4B9E-4C4A-A083-1DE7720FE356}.Release|Any CPU.ActiveCfg = Release|Any CPU
		{BCFA73BA-4B9E-4C4A-A083-1DE7720FE356}.Release|Any CPU.Build.0 = Release|Any CPU
	EndGlobalSection
	GlobalSection(SolutionProperties) = preSolution
		HideSolutionNode = FALSE
	EndGlobalSection
	GlobalSection(ExtensibilityGlobals) = postSolution
		SolutionGuid = {0F3BD6AD-2472-482E-A922-59CE758C98B6}
	EndGlobalSection
EndGlobal
